// !$*UTF8*$!
{
	archiveVersion = 1;
	classes = {
	};
	objectVersion = 50;
	objects = {

/* Begin PBXBuildFile section */
		8D272FBA23C9AADD00E7F3CB /* max3.swift in Sources */ = {isa = PBXBuildFile; fileRef = 8D272FB923C9AADD00E7F3CB /* max3.swift */; };
		8D272FBC23C9AE3500E7F3CB /* input.swift in Sources */ = {isa = PBXBuildFile; fileRef = 8D272FBB23C9AE3500E7F3CB /* input.swift */; };
		8DC0AE9723C9A8420001E899 /* main.swift in Sources */ = {isa = PBXBuildFile; fileRef = 8DC0AE9623C9A8420001E899 /* main.swift */; };
		8DF648DC23C9B0BC00B1986E /* max3_func.swift in Sources */ = {isa = PBXBuildFile; fileRef = 8DF648DB23C9B0BC00B1986E /* max3_func.swift */; };
		8DF648DE23C9B31700B1986E /* median3.swift in Sources */ = {isa = PBXBuildFile; fileRef = 8DF648DD23C9B31700B1986E /* median3.swift */; };
		8DF648E023C9B4C600B1986E /* median3a.swift in Sources */ = {isa = PBXBuildFile; fileRef = 8DF648DF23C9B4C600B1986E /* median3a.swift */; };
		8DF648E223C9B89600B1986E /* judge_sign.swift in Sources */ = {isa = PBXBuildFile; fileRef = 8DF648E123C9B89600B1986E /* judge_sign.swift */; };
		8DF648E423C9B9B400B1986E /* branch1.swift in Sources */ = {isa = PBXBuildFile; fileRef = 8DF648E323C9B9B400B1986E /* branch1.swift */; };
		8DF648E623C9BA6500B1986E /* branch2.swift in Sources */ = {isa = PBXBuildFile; fileRef = 8DF648E523C9BA6500B1986E /* branch2.swift */; };
		8DF648EA23C9BAF600B1986E /* branch2a.swift in Sources */ = {isa = PBXBuildFile; fileRef = 8DF648E923C9BAF600B1986E /* branch2a.swift */; };
		8DF648EC23C9BB7B00B1986E /* sum1ton_while.swift in Sources */ = {isa = PBXBuildFile; fileRef = 8DF648EB23C9BB7B00B1986E /* sum1ton_while.swift */; };
		8DF648EE23C9EB0200B1986E /* sum1ton_for.swift in Sources */ = {isa = PBXBuildFile; fileRef = 8DF648ED23C9EB0200B1986E /* sum1ton_for.swift */; };
		8DF648F023C9EB9000B1986E /* sum_gauss.swift in Sources */ = {isa = PBXBuildFile; fileRef = 8DF648EF23C9EB9000B1986E /* sum_gauss.swift */; };
		8DF648F223C9ECB500B1986E /* sum.swift in Sources */ = {isa = PBXBuildFile; fileRef = 8DF648F123C9ECB500B1986E /* sum.swift */; };
		8DF648F423C9EDEF00B1986E /* sum_verbose1.swift in Sources */ = {isa = PBXBuildFile; fileRef = 8DF648F323C9EDEF00B1986E /* sum_verbose1.swift */; };
		8DF648F623C9EF3C00B1986E /* sum_verbose2.swift in Sources */ = {isa = PBXBuildFile; fileRef = 8DF648F523C9EF3C00B1986E /* sum_verbose2.swift */; };
		8DF648F823C9EFBB00B1986E /* alternative1.swift in Sources */ = {isa = PBXBuildFile; fileRef = 8DF648F723C9EFBB00B1986E /* alternative1.swift */; };
		8DF648FA23C9F10700B1986E /* alternative1a.swift in Sources */ = {isa = PBXBuildFile; fileRef = 8DF648F923C9F10700B1986E /* alternative1a.swift */; };
		8DF648FC23C9F18700B1986E /* alternative2.swift in Sources */ = {isa = PBXBuildFile; fileRef = 8DF648FB23C9F18700B1986E /* alternative2.swift */; };
		8DF648FE23C9F24000B1986E /* alternative2a.swift in Sources */ = {isa = PBXBuildFile; fileRef = 8DF648FD23C9F24000B1986E /* alternative2a.swift */; };
		8DF6490023C9F2AD00B1986E /* print_stars1.swift in Sources */ = {isa = PBXBuildFile; fileRef = 8DF648FF23C9F2AD00B1986E /* print_stars1.swift */; };
		8DF6490223C9F3D300B1986E /* print_stars2.swift in Sources */ = {isa = PBXBuildFile; fileRef = 8DF6490123C9F3D300B1986E /* print_stars2.swift */; };
		8DF6490423C9F52100B1986E /* sum1ton_positive.swift in Sources */ = {isa = PBXBuildFile; fileRef = 8DF6490323C9F52100B1986E /* sum1ton_positive.swift */; };
		8DF6490623C9F6ED00B1986E /* rectangle.swift in Sources */ = {isa = PBXBuildFile; fileRef = 8DF6490523C9F6ED00B1986E /* rectangle.swift */; };
		8DF6490823C9F84E00B1986E /* for_else.swift in Sources */ = {isa = PBXBuildFile; fileRef = 8DF6490723C9F84E00B1986E /* for_else.swift */; };
		8DF6490A23C9FAAA00B1986E /* skip1.swift in Sources */ = {isa = PBXBuildFile; fileRef = 8DF6490923C9FAAA00B1986E /* skip1.swift */; };
		8DF6490C23C9FB4800B1986E /* skip2.swift in Sources */ = {isa = PBXBuildFile; fileRef = 8DF6490B23C9FB4800B1986E /* skip2.swift */; };
		8DF6490E23C9FD7E00B1986E /* 2digits1.swift in Sources */ = {isa = PBXBuildFile; fileRef = 8DF6490D23C9FD7E00B1986E /* 2digits1.swift */; };
		8DF6491023C9FF0E00B1986E /* 2digits2.swift in Sources */ = {isa = PBXBuildFile; fileRef = 8DF6490F23C9FF0E00B1986E /* 2digits2.swift */; };
		8DF6491223C9FF3900B1986E /* 2digits3.swift in Sources */ = {isa = PBXBuildFile; fileRef = 8DF6491123C9FF3900B1986E /* 2digits3.swift */; };
		8DF6491423C9FF9400B1986E /* multiplication_table.swift in Sources */ = {isa = PBXBuildFile; fileRef = 8DF6491323C9FF9400B1986E /* multiplication_table.swift */; };
		8DF6491623CA013700B1986E /* triangle_lb.swift in Sources */ = {isa = PBXBuildFile; fileRef = 8DF6491523CA013700B1986E /* triangle_lb.swift */; };
		8DF6491823CA022800B1986E /* triangle_rb.swift in Sources */ = {isa = PBXBuildFile; fileRef = 8DF6491723CA022800B1986E /* triangle_rb.swift */; };
		8DF6491A23CA0F0300B1986E /* object_function.swift in Sources */ = {isa = PBXBuildFile; fileRef = 8DF6491923CA0F0300B1986E /* object_function.swift */; };
/* End PBXBuildFile section */

/* Begin PBXCopyFilesBuildPhase section */
		8DC0AE9123C9A8420001E899 /* CopyFiles */ = {
			isa = PBXCopyFilesBuildPhase;
			buildActionMask = 2147483647;
			dstPath = /usr/share/man/man1/;
			dstSubfolderSpec = 0;
			files = (
			);
			runOnlyForDeploymentPostprocessing = 1;
		};
/* End PBXCopyFilesBuildPhase section */

/* Begin PBXFileReference section */
		8D272FB923C9AADD00E7F3CB /* max3.swift */ = {isa = PBXFileReference; lastKnownFileType = sourcecode.swift; path = max3.swift; sourceTree = "<group>"; };
		8D272FBB23C9AE3500E7F3CB /* input.swift */ = {isa = PBXFileReference; lastKnownFileType = sourcecode.swift; path = input.swift; sourceTree = "<group>"; };
		8DC0AE9323C9A8420001E899 /* BookAlgorithmDataStructure01 */ = {isa = PBXFileReference; explicitFileType = "compiled.mach-o.executable"; includeInIndex = 0; path = BookAlgorithmDataStructure01; sourceTree = BUILT_PRODUCTS_DIR; };
		8DC0AE9623C9A8420001E899 /* main.swift */ = {isa = PBXFileReference; lastKnownFileType = sourcecode.swift; path = main.swift; sourceTree = "<group>"; };
		8DF648DB23C9B0BC00B1986E /* max3_func.swift */ = {isa = PBXFileReference; lastKnownFileType = sourcecode.swift; path = max3_func.swift; sourceTree = "<group>"; };
		8DF648DD23C9B31700B1986E /* median3.swift */ = {isa = PBXFileReference; lastKnownFileType = sourcecode.swift; path = median3.swift; sourceTree = "<group>"; };
		8DF648DF23C9B4C600B1986E /* median3a.swift */ = {isa = PBXFileReference; lastKnownFileType = sourcecode.swift; path = median3a.swift; sourceTree = "<group>"; };
		8DF648E123C9B89600B1986E /* judge_sign.swift */ = {isa = PBXFileReference; lastKnownFileType = sourcecode.swift; path = judge_sign.swift; sourceTree = "<group>"; };
		8DF648E323C9B9B400B1986E /* branch1.swift */ = {isa = PBXFileReference; lastKnownFileType = sourcecode.swift; path = branch1.swift; sourceTree = "<group>"; };
		8DF648E523C9BA6500B1986E /* branch2.swift */ = {isa = PBXFileReference; lastKnownFileType = sourcecode.swift; path = branch2.swift; sourceTree = "<group>"; };
		8DF648E923C9BAF600B1986E /* branch2a.swift */ = {isa = PBXFileReference; lastKnownFileType = sourcecode.swift; path = branch2a.swift; sourceTree = "<group>"; };
		8DF648EB23C9BB7B00B1986E /* sum1ton_while.swift */ = {isa = PBXFileReference; lastKnownFileType = sourcecode.swift; path = sum1ton_while.swift; sourceTree = "<group>"; };
		8DF648ED23C9EB0200B1986E /* sum1ton_for.swift */ = {isa = PBXFileReference; lastKnownFileType = sourcecode.swift; path = sum1ton_for.swift; sourceTree = "<group>"; };
		8DF648EF23C9EB9000B1986E /* sum_gauss.swift */ = {isa = PBXFileReference; lastKnownFileType = sourcecode.swift; path = sum_gauss.swift; sourceTree = "<group>"; };
		8DF648F123C9ECB500B1986E /* sum.swift */ = {isa = PBXFileReference; lastKnownFileType = sourcecode.swift; path = sum.swift; sourceTree = "<group>"; };
		8DF648F323C9EDEF00B1986E /* sum_verbose1.swift */ = {isa = PBXFileReference; lastKnownFileType = sourcecode.swift; path = sum_verbose1.swift; sourceTree = "<group>"; };
		8DF648F523C9EF3C00B1986E /* sum_verbose2.swift */ = {isa = PBXFileReference; lastKnownFileType = sourcecode.swift; path = sum_verbose2.swift; sourceTree = "<group>"; };
		8DF648F723C9EFBB00B1986E /* alternative1.swift */ = {isa = PBXFileReference; lastKnownFileType = sourcecode.swift; path = alternative1.swift; sourceTree = "<group>"; };
		8DF648F923C9F10700B1986E /* alternative1a.swift */ = {isa = PBXFileReference; lastKnownFileType = sourcecode.swift; path = alternative1a.swift; sourceTree = "<group>"; };
		8DF648FB23C9F18700B1986E /* alternative2.swift */ = {isa = PBXFileReference; lastKnownFileType = sourcecode.swift; path = alternative2.swift; sourceTree = "<group>"; };
		8DF648FD23C9F24000B1986E /* alternative2a.swift */ = {isa = PBXFileReference; lastKnownFileType = sourcecode.swift; path = alternative2a.swift; sourceTree = "<group>"; };
		8DF648FF23C9F2AD00B1986E /* print_stars1.swift */ = {isa = PBXFileReference; lastKnownFileType = sourcecode.swift; path = print_stars1.swift; sourceTree = "<group>"; };
		8DF6490123C9F3D300B1986E /* print_stars2.swift */ = {isa = PBXFileReference; lastKnownFileType = sourcecode.swift; path = print_stars2.swift; sourceTree = "<group>"; };
		8DF6490323C9F52100B1986E /* sum1ton_positive.swift */ = {isa = PBXFileReference; lastKnownFileType = sourcecode.swift; path = sum1ton_positive.swift; sourceTree = "<group>"; };
		8DF6490523C9F6ED00B1986E /* rectangle.swift */ = {isa = PBXFileReference; lastKnownFileType = sourcecode.swift; path = rectangle.swift; sourceTree = "<group>"; };
		8DF6490723C9F84E00B1986E /* for_else.swift */ = {isa = PBXFileReference; lastKnownFileType = sourcecode.swift; path = for_else.swift; sourceTree = "<group>"; };
		8DF6490923C9FAAA00B1986E /* skip1.swift */ = {isa = PBXFileReference; lastKnownFileType = sourcecode.swift; path = skip1.swift; sourceTree = "<group>"; };
		8DF6490B23C9FB4800B1986E /* skip2.swift */ = {isa = PBXFileReference; lastKnownFileType = sourcecode.swift; path = skip2.swift; sourceTree = "<group>"; };
		8DF6490D23C9FD7E00B1986E /* 2digits1.swift */ = {isa = PBXFileReference; lastKnownFileType = sourcecode.swift; path = 2digits1.swift; sourceTree = "<group>"; };
		8DF6490F23C9FF0E00B1986E /* 2digits2.swift */ = {isa = PBXFileReference; lastKnownFileType = sourcecode.swift; path = 2digits2.swift; sourceTree = "<group>"; };
		8DF6491123C9FF3900B1986E /* 2digits3.swift */ = {isa = PBXFileReference; lastKnownFileType = sourcecode.swift; path = 2digits3.swift; sourceTree = "<group>"; };
		8DF6491323C9FF9400B1986E /* multiplication_table.swift */ = {isa = PBXFileReference; lastKnownFileType = sourcecode.swift; path = multiplication_table.swift; sourceTree = "<group>"; };
		8DF6491523CA013700B1986E /* triangle_lb.swift */ = {isa = PBXFileReference; lastKnownFileType = sourcecode.swift; path = triangle_lb.swift; sourceTree = "<group>"; };
		8DF6491723CA022800B1986E /* triangle_rb.swift */ = {isa = PBXFileReference; lastKnownFileType = sourcecode.swift; path = triangle_rb.swift; sourceTree = "<group>"; };
		8DF6491923CA0F0300B1986E /* object_function.swift */ = {isa = PBXFileReference; lastKnownFileType = sourcecode.swift; path = object_function.swift; sourceTree = "<group>"; };
/* End PBXFileReference section */

/* Begin PBXFrameworksBuildPhase section */
		8DC0AE9023C9A8420001E899 /* Frameworks */ = {
			isa = PBXFrameworksBuildPhase;
			buildActionMask = 2147483647;
			files = (
			);
			runOnlyForDeploymentPostprocessing = 0;
		};
/* End PBXFrameworksBuildPhase section */

/* Begin PBXGroup section */
		8D272FB823C9AAB700E7F3CB /* chap01 */ = {
			isa = PBXGroup;
			children = (
				8D272FB923C9AADD00E7F3CB /* max3.swift */,
				8DF648DB23C9B0BC00B1986E /* max3_func.swift */,
				8DF648DD23C9B31700B1986E /* median3.swift */,
				8DF648DF23C9B4C600B1986E /* median3a.swift */,
				8DF648E123C9B89600B1986E /* judge_sign.swift */,
				8DF648E323C9B9B400B1986E /* branch1.swift */,
				8DF648E523C9BA6500B1986E /* branch2.swift */,
				8DF648E923C9BAF600B1986E /* branch2a.swift */,
				8DF648EB23C9BB7B00B1986E /* sum1ton_while.swift */,
				8DF648ED23C9EB0200B1986E /* sum1ton_for.swift */,
				8DF648EF23C9EB9000B1986E /* sum_gauss.swift */,
				8DF648F123C9ECB500B1986E /* sum.swift */,
				8DF648F323C9EDEF00B1986E /* sum_verbose1.swift */,
				8DF648F523C9EF3C00B1986E /* sum_verbose2.swift */,
				8DF648F723C9EFBB00B1986E /* alternative1.swift */,
				8DF648F923C9F10700B1986E /* alternative1a.swift */,
				8DF648FB23C9F18700B1986E /* alternative2.swift */,
				8DF648FD23C9F24000B1986E /* alternative2a.swift */,
				8DF648FF23C9F2AD00B1986E /* print_stars1.swift */,
				8DF6490123C9F3D300B1986E /* print_stars2.swift */,
				8DF6490323C9F52100B1986E /* sum1ton_positive.swift */,
				8DF6490523C9F6ED00B1986E /* rectangle.swift */,
				8DF6490723C9F84E00B1986E /* for_else.swift */,
				8DF6490923C9FAAA00B1986E /* skip1.swift */,
				8DF6490B23C9FB4800B1986E /* skip2.swift */,
				8DF6490D23C9FD7E00B1986E /* 2digits1.swift */,
				8DF6490F23C9FF0E00B1986E /* 2digits2.swift */,
				8DF6491123C9FF3900B1986E /* 2digits3.swift */,
				8DF6491323C9FF9400B1986E /* multiplication_table.swift */,
				8DF6491523CA013700B1986E /* triangle_lb.swift */,
				8DF6491723CA022800B1986E /* triangle_rb.swift */,
				8DF6491923CA0F0300B1986E /* object_function.swift */,
			);
			path = chap01;
			sourceTree = "<group>";
		};
		8DC0AE8A23C9A8420001E899 = {
			isa = PBXGroup;
			children = (
				8DC0AE9523C9A8420001E899 /* BookAlgorithmDataStructure01 */,
				8DC0AE9423C9A8420001E899 /* Products */,
			);
			sourceTree = "<group>";
		};
		8DC0AE9423C9A8420001E899 /* Products */ = {
			isa = PBXGroup;
			children = (
				8DC0AE9323C9A8420001E899 /* BookAlgorithmDataStructure01 */,
			);
			name = Products;
			sourceTree = "<group>";
		};
		8DC0AE9523C9A8420001E899 /* BookAlgorithmDataStructure01 */ = {
			isa = PBXGroup;
			children = (
				8D272FB823C9AAB700E7F3CB /* chap01 */,
				8DC0AE9623C9A8420001E899 /* main.swift */,
				8D272FBB23C9AE3500E7F3CB /* input.swift */,
			);
			path = BookAlgorithmDataStructure01;
			sourceTree = "<group>";
		};
/* End PBXGroup section */

/* Begin PBXNativeTarget section */
		8DC0AE9223C9A8420001E899 /* BookAlgorithmDataStructure01 */ = {
			isa = PBXNativeTarget;
			buildConfigurationList = 8DC0AE9A23C9A8420001E899 /* Build configuration list for PBXNativeTarget "BookAlgorithmDataStructure01" */;
			buildPhases = (
				8DC0AE8F23C9A8420001E899 /* Sources */,
				8DC0AE9023C9A8420001E899 /* Frameworks */,
				8DC0AE9123C9A8420001E899 /* CopyFiles */,
			);
			buildRules = (
			);
			dependencies = (
			);
			name = BookAlgorithmDataStructure01;
			productName = BookAlgorithmDataStructure01;
			productReference = 8DC0AE9323C9A8420001E899 /* BookAlgorithmDataStructure01 */;
			productType = "com.apple.product-type.tool";
		};
/* End PBXNativeTarget section */

/* Begin PBXProject section */
		8DC0AE8B23C9A8420001E899 /* Project object */ = {
			isa = PBXProject;
			attributes = {
				LastSwiftUpdateCheck = 1130;
				LastUpgradeCheck = 1130;
				ORGANIZATIONNAME = "Shin Inaba";
				TargetAttributes = {
					8DC0AE9223C9A8420001E899 = {
						CreatedOnToolsVersion = 11.3;
					};
				};
			};
			buildConfigurationList = 8DC0AE8E23C9A8420001E899 /* Build configuration list for PBXProject "BookAlgorithmDataStructure01" */;
			compatibilityVersion = "Xcode 9.3";
			developmentRegion = en;
			hasScannedForEncodings = 0;
			knownRegions = (
				en,
				Base,
			);
			mainGroup = 8DC0AE8A23C9A8420001E899;
			productRefGroup = 8DC0AE9423C9A8420001E899 /* Products */;
			projectDirPath = "";
			projectRoot = "";
			targets = (
				8DC0AE9223C9A8420001E899 /* BookAlgorithmDataStructure01 */,
			);
		};
/* End PBXProject section */

/* Begin PBXSourcesBuildPhase section */
		8DC0AE8F23C9A8420001E899 /* Sources */ = {
			isa = PBXSourcesBuildPhase;
			buildActionMask = 2147483647;
			files = (
				8DF648FE23C9F24000B1986E /* alternative2a.swift in Sources */,
				8DF648FC23C9F18700B1986E /* alternative2.swift in Sources */,
				8DF648DE23C9B31700B1986E /* median3.swift in Sources */,
				8DF648FA23C9F10700B1986E /* alternative1a.swift in Sources */,
				8DF648F223C9ECB500B1986E /* sum.swift in Sources */,
				8DF6490823C9F84E00B1986E /* for_else.swift in Sources */,
				8DF648EE23C9EB0200B1986E /* sum1ton_for.swift in Sources */,
				8DF6491023C9FF0E00B1986E /* 2digits2.swift in Sources */,
				8DF6491A23CA0F0300B1986E /* object_function.swift in Sources */,
				8DF648E023C9B4C600B1986E /* median3a.swift in Sources */,
				8DF6490A23C9FAAA00B1986E /* skip1.swift in Sources */,
				8DF6490623C9F6ED00B1986E /* rectangle.swift in Sources */,
				8DF648EC23C9BB7B00B1986E /* sum1ton_while.swift in Sources */,
				8DF648F823C9EFBB00B1986E /* alternative1.swift in Sources */,
				8DF6490423C9F52100B1986E /* sum1ton_positive.swift in Sources */,
				8DF6490C23C9FB4800B1986E /* skip2.swift in Sources */,
				8DF6491623CA013700B1986E /* triangle_lb.swift in Sources */,
				8D272FBA23C9AADD00E7F3CB /* max3.swift in Sources */,
				8DF6491423C9FF9400B1986E /* multiplication_table.swift in Sources */,
				8DF6490223C9F3D300B1986E /* print_stars2.swift in Sources */,
				8DF6490023C9F2AD00B1986E /* print_stars1.swift in Sources */,
				8D272FBC23C9AE3500E7F3CB /* input.swift in Sources */,
				8DF6491823CA022800B1986E /* triangle_rb.swift in Sources */,
				8DF648F423C9EDEF00B1986E /* sum_verbose1.swift in Sources */,
				8DF648EA23C9BAF600B1986E /* branch2a.swift in Sources */,
				8DF6490E23C9FD7E00B1986E /* 2digits1.swift in Sources */,
				8DF648F623C9EF3C00B1986E /* sum_verbose2.swift in Sources */,
				8DF648E223C9B89600B1986E /* judge_sign.swift in Sources */,
				8DF648DC23C9B0BC00B1986E /* max3_func.swift in Sources */,
				8DF648F023C9EB9000B1986E /* sum_gauss.swift in Sources */,
				8DF6491223C9FF3900B1986E /* 2digits3.swift in Sources */,
				8DF648E623C9BA6500B1986E /* branch2.swift in Sources */,
				8DC0AE9723C9A8420001E899 /* main.swift in Sources */,
				8DF648E423C9B9B400B1986E /* branch1.swift in Sources */,
			);
			runOnlyForDeploymentPostprocessing = 0;
		};
/* End PBXSourcesBuildPhase section */

/* Begin XCBuildConfiguration section */
		8DC0AE9823C9A8420001E899 /* Debug */ = {
			isa = XCBuildConfiguration;
			buildSettings = {
				ALWAYS_SEARCH_USER_PATHS = NO;
				CLANG_ANALYZER_NONNULL = YES;
				CLANG_ANALYZER_NUMBER_OBJECT_CONVERSION = YES_AGGRESSIVE;
				CLANG_CXX_LANGUAGE_STANDARD = "gnu++14";
				CLANG_CXX_LIBRARY = "libc++";
				CLANG_ENABLE_MODULES = YES;
				CLANG_ENABLE_OBJC_ARC = YES;
				CLANG_ENABLE_OBJC_WEAK = YES;
				CLANG_WARN_BLOCK_CAPTURE_AUTORELEASING = YES;
				CLANG_WARN_BOOL_CONVERSION = YES;
				CLANG_WARN_COMMA = YES;
				CLANG_WARN_CONSTANT_CONVERSION = YES;
				CLANG_WARN_DEPRECATED_OBJC_IMPLEMENTATIONS = YES;
				CLANG_WARN_DIRECT_OBJC_ISA_USAGE = YES_ERROR;
				CLANG_WARN_DOCUMENTATION_COMMENTS = YES;
				CLANG_WARN_EMPTY_BODY = YES;
				CLANG_WARN_ENUM_CONVERSION = YES;
				CLANG_WARN_INFINITE_RECURSION = YES;
				CLANG_WARN_INT_CONVERSION = YES;
				CLANG_WARN_NON_LITERAL_NULL_CONVERSION = YES;
				CLANG_WARN_OBJC_IMPLICIT_RETAIN_SELF = YES;
				CLANG_WARN_OBJC_LITERAL_CONVERSION = YES;
				CLANG_WARN_OBJC_ROOT_CLASS = YES_ERROR;
				CLANG_WARN_RANGE_LOOP_ANALYSIS = YES;
				CLANG_WARN_STRICT_PROTOTYPES = YES;
				CLANG_WARN_SUSPICIOUS_MOVE = YES;
				CLANG_WARN_UNGUARDED_AVAILABILITY = YES_AGGRESSIVE;
				CLANG_WARN_UNREACHABLE_CODE = YES;
				CLANG_WARN__DUPLICATE_METHOD_MATCH = YES;
				COPY_PHASE_STRIP = NO;
				DEBUG_INFORMATION_FORMAT = dwarf;
				ENABLE_STRICT_OBJC_MSGSEND = YES;
				ENABLE_TESTABILITY = YES;
				GCC_C_LANGUAGE_STANDARD = gnu11;
				GCC_DYNAMIC_NO_PIC = NO;
				GCC_NO_COMMON_BLOCKS = YES;
				GCC_OPTIMIZATION_LEVEL = 0;
				GCC_PREPROCESSOR_DEFINITIONS = (
					"DEBUG=1",
					"$(inherited)",
				);
				GCC_WARN_64_TO_32_BIT_CONVERSION = YES;
				GCC_WARN_ABOUT_RETURN_TYPE = YES_ERROR;
				GCC_WARN_UNDECLARED_SELECTOR = YES;
				GCC_WARN_UNINITIALIZED_AUTOS = YES_AGGRESSIVE;
				GCC_WARN_UNUSED_FUNCTION = YES;
				GCC_WARN_UNUSED_VARIABLE = YES;
				MACOSX_DEPLOYMENT_TARGET = 10.15;
				MTL_ENABLE_DEBUG_INFO = INCLUDE_SOURCE;
				MTL_FAST_MATH = YES;
				ONLY_ACTIVE_ARCH = YES;
				SDKROOT = macosx;
				SWIFT_ACTIVE_COMPILATION_CONDITIONS = DEBUG;
				SWIFT_OPTIMIZATION_LEVEL = "-Onone";
			};
			name = Debug;
		};
		8DC0AE9923C9A8420001E899 /* Release */ = {
			isa = XCBuildConfiguration;
			buildSettings = {
				ALWAYS_SEARCH_USER_PATHS = NO;
				CLANG_ANALYZER_NONNULL = YES;
				CLANG_ANALYZER_NUMBER_OBJECT_CONVERSION = YES_AGGRESSIVE;
				CLANG_CXX_LANGUAGE_STANDARD = "gnu++14";
				CLANG_CXX_LIBRARY = "libc++";
				CLANG_ENABLE_MODULES = YES;
				CLANG_ENABLE_OBJC_ARC = YES;
				CLANG_ENABLE_OBJC_WEAK = YES;
				CLANG_WARN_BLOCK_CAPTURE_AUTORELEASING = YES;
				CLANG_WARN_BOOL_CONVERSION = YES;
				CLANG_WARN_COMMA = YES;
				CLANG_WARN_CONSTANT_CONVERSION = YES;
				CLANG_WARN_DEPRECATED_OBJC_IMPLEMENTATIONS = YES;
				CLANG_WARN_DIRECT_OBJC_ISA_USAGE = YES_ERROR;
				CLANG_WARN_DOCUMENTATION_COMMENTS = YES;
				CLANG_WARN_EMPTY_BODY = YES;
				CLANG_WARN_ENUM_CONVERSION = YES;
				CLANG_WARN_INFINITE_RECURSION = YES;
				CLANG_WARN_INT_CONVERSION = YES;
				CLANG_WARN_NON_LITERAL_NULL_CONVERSION = YES;
				CLANG_WARN_OBJC_IMPLICIT_RETAIN_SELF = YES;
				CLANG_WARN_OBJC_LITERAL_CONVERSION = YES;
				CLANG_WARN_OBJC_ROOT_CLASS = YES_ERROR;
				CLANG_WARN_RANGE_LOOP_ANALYSIS = YES;
				CLANG_WARN_STRICT_PROTOTYPES = YES;
				CLANG_WARN_SUSPICIOUS_MOVE = YES;
				CLANG_WARN_UNGUARDED_AVAILABILITY = YES_AGGRESSIVE;
				CLANG_WARN_UNREACHABLE_CODE = YES;
				CLANG_WARN__DUPLICATE_METHOD_MATCH = YES;
				COPY_PHASE_STRIP = NO;
				DEBUG_INFORMATION_FORMAT = "dwarf-with-dsym";
				ENABLE_NS_ASSERTIONS = NO;
				ENABLE_STRICT_OBJC_MSGSEND = YES;
				GCC_C_LANGUAGE_STANDARD = gnu11;
				GCC_NO_COMMON_BLOCKS = YES;
				GCC_WARN_64_TO_32_BIT_CONVERSION = YES;
				GCC_WARN_ABOUT_RETURN_TYPE = YES_ERROR;
				GCC_WARN_UNDECLARED_SELECTOR = YES;
				GCC_WARN_UNINITIALIZED_AUTOS = YES_AGGRESSIVE;
				GCC_WARN_UNUSED_FUNCTION = YES;
				GCC_WARN_UNUSED_VARIABLE = YES;
				MACOSX_DEPLOYMENT_TARGET = 10.15;
				MTL_ENABLE_DEBUG_INFO = NO;
				MTL_FAST_MATH = YES;
				SDKROOT = macosx;
				SWIFT_COMPILATION_MODE = wholemodule;
				SWIFT_OPTIMIZATION_LEVEL = "-O";
			};
			name = Release;
		};
		8DC0AE9B23C9A8420001E899 /* Debug */ = {
			isa = XCBuildConfiguration;
			buildSettings = {
				CODE_SIGN_STYLE = Automatic;
				DEVELOPMENT_TEAM = 385NJ9XLA7;
				ENABLE_HARDENED_RUNTIME = YES;
				PRODUCT_NAME = "$(TARGET_NAME)";
				SWIFT_VERSION = 5.0;
			};
			name = Debug;
		};
		8DC0AE9C23C9A8420001E899 /* Release */ = {
			isa = XCBuildConfiguration;
			buildSettings = {
				CODE_SIGN_STYLE = Automatic;
				DEVELOPMENT_TEAM = 385NJ9XLA7;
				ENABLE_HARDENED_RUNTIME = YES;
				PRODUCT_NAME = "$(TARGET_NAME)";
				SWIFT_VERSION = 5.0;
			};
			name = Release;
		};
/* End XCBuildConfiguration section */

/* Begin XCConfigurationList section */
		8DC0AE8E23C9A8420001E899 /* Build configuration list for PBXProject "BookAlgorithmDataStructure01" */ = {
			isa = XCConfigurationList;
			buildConfigurations = (
				8DC0AE9823C9A8420001E899 /* Debug */,
				8DC0AE9923C9A8420001E899 /* Release */,
			);
			defaultConfigurationIsVisible = 0;
			defaultConfigurationName = Release;
		};
		8DC0AE9A23C9A8420001E899 /* Build configuration list for PBXNativeTarget "BookAlgorithmDataStructure01" */ = {
			isa = XCConfigurationList;
			buildConfigurations = (
				8DC0AE9B23C9A8420001E899 /* Debug */,
				8DC0AE9C23C9A8420001E899 /* Release */,
			);
			defaultConfigurationIsVisible = 0;
			defaultConfigurationName = Release;
		};
/* End XCConfigurationList section */
	};
	rootObject = 8DC0AE8B23C9A8420001E899 /* Project object */;
}
